{
  "name": "webapp",
  "version": "0.1.0",
  "lockfileVersion": 2,
  "requires": true,
  "packages": {
    "": {
      "name": "webapp",
      "version": "0.1.0",
      "dependencies": {
        "sinuous": "^0.28.1"
      }
    },
    "node_modules/sinuous": {
      "version": "0.28.1",
      "resolved": "https://registry.npmjs.org/sinuous/-/sinuous-0.28.1.tgz",
      "integrity": "sha512-HQzDwrM8GmhNb78JveYErimyPkAvXpmmFnei04cjJOiya4pWHUyzgHmDcjNHp8YOG8JQGhssY9qI7QPu7HJDwQ=="
    }
  },
  "dependencies": {
    "sinuous": {
      "version": "0.28.1",
      "resolved": "https://registry.npmjs.org/sinuous/-/sinuous-0.28.1.tgz",
      "integrity": "sha512-HQzDwrM8GmhNb78JveYErimyPkAvXpmmFnei04cjJOiya4pWHUyzgHmDcjNHp8YOG8JQGhssY9qI7QPu7HJDwQ=="
    }
  }
}
